
Microsoft Visual Studio Solution File, Format Version 12.00
# Visual Studio Version 16
VisualStudioVersion = 16.0.31025.194
MinimumVisualStudioVersion = 10.0.40219.1
Project("{FAE04EC0-301F-11D3-BF4B-00C04F79EFBC}") = "Mythras-Character-Generator", "Mythras-Character-Generator.csproj", "{FAA4ADDC-D718-498D-9772-7C046DDE9E4B}"
EndProject
Global
	GlobalSection(SolutionConfigurationPlatforms) = preSolution
		Debug|Any CPU = Debug|Any CPU
		Release|Any CPU = Release|Any CPU
	EndGlobalSection
	GlobalSection(ProjectConfigurationPlatforms) = postSolution
		{FAA4ADDC-D718-498D-9772-7C046DDE9E4B}.Debug|Any CPU.ActiveCfg = Debug|Any CPU
		{FAA4ADDC-D718-498D-9772-7C046DDE9E4B}.Debug|Any CPU.Build.0 = Debug|Any CPU
		{FAA4ADDC-D718-498D-9772-7C046DDE9E4B}.Release|Any CPU.ActiveCfg = Release|Any CPU
		{FAA4ADDC-D718-498D-9772-7C046DDE9E4B}.Release|Any CPU.Build.0 = Release|Any CPU
	EndGlobalSection
	GlobalSection(SolutionProperties) = preSolution
		HideSolutionNode = FALSE
	EndGlobalSection
	GlobalSection(ExtensibilityGlobals) = postSolution
		SolutionGuid = {E564BA77-D4F6-4726-A84F-E9BFFFAA09A9}
	EndGlobalSection
EndGlobal
